
Microsoft Visual Studio Solution File, Format Version 12.00
# Visual Studio Version 16
VisualStudioVersion = 16.0.29519.181
MinimumVisualStudioVersion = 10.0.40219.1
Project("{FAE04EC0-301F-11D3-BF4B-00C04F79EFBC}") = "ClientLourd", "ClientLourd\ClientLourd.csproj", "{010B2E70-246B-4A12-AB01-8422F332ECD7}"
EndProject
Global
	GlobalSection(SolutionConfigurationPlatforms) = preSolution
		Debug|Any CPU = Debug|Any CPU
		Release|Any CPU = Release|Any CPU
	EndGlobalSection
	GlobalSection(ProjectConfigurationPlatforms) = postSolution
		{010B2E70-246B-4A12-AB01-8422F332ECD7}.Debug|Any CPU.ActiveCfg = Debug|Any CPU
		{010B2E70-246B-4A12-AB01-8422F332ECD7}.Debug|Any CPU.Build.0 = Debug|Any CPU
		{010B2E70-246B-4A12-AB01-8422F332ECD7}.Release|Any CPU.ActiveCfg = Release|Any CPU
		{010B2E70-246B-4A12-AB01-8422F332ECD7}.Release|Any CPU.Build.0 = Release|Any CPU
	EndGlobalSection
	GlobalSection(SolutionProperties) = preSolution
		HideSolutionNode = FALSE
	EndGlobalSection
	GlobalSection(ExtensibilityGlobals) = postSolution
		SolutionGuid = {21BB6E62-6ACC-4307-88A2-55BAFF9770F9}
	EndGlobalSection
EndGlobal
